
Microsoft Visual Studio Solution File, Format Version 12.00
# Visual Studio Version 17
VisualStudioVersion = 17.7.34018.315
MinimumVisualStudioVersion = 10.0.40219.1
Project("{9A19103F-16F7-4668-BE54-9A1E7A4F7556}") = "WpfApp1", "WpfApp1\WpfApp1.csproj", "{02AC950D-63A6-4D19-86DA-89767C394A8F}"
EndProject
Global
	GlobalSection(SolutionConfigurationPlatforms) = preSolution
		Debug|Any CPU = Debug|Any CPU
		Release|Any CPU = Release|Any CPU
	EndGlobalSection
	GlobalSection(ProjectConfigurationPlatforms) = postSolution
		{02AC950D-63A6-4D19-86DA-89767C394A8F}.Debug|Any CPU.ActiveCfg = Debug|Any CPU
		{02AC950D-63A6-4D19-86DA-89767C394A8F}.Debug|Any CPU.Build.0 = Debug|Any CPU
		{02AC950D-63A6-4D19-86DA-89767C394A8F}.Release|Any CPU.ActiveCfg = Release|Any CPU
		{02AC950D-63A6-4D19-86DA-89767C394A8F}.Release|Any CPU.Build.0 = Release|Any CPU
	EndGlobalSection
	GlobalSection(SolutionProperties) = preSolution
		HideSolutionNode = FALSE
	EndGlobalSection
	GlobalSection(ExtensibilityGlobals) = postSolution
		SolutionGuid = {74C33867-8CF8-4964-B40A-A31B24931675}
	EndGlobalSection
EndGlobal
